
Microsoft Visual Studio Solution File, Format Version 12.00
# Visual Studio 2013
VisualStudioVersion = 12.0.31101.0
MinimumVisualStudioVersion = 10.0.40219.1
Project("{FAE04EC0-301F-11D3-BF4B-00C04F79EFBC}") = "TP2", "TP - Net\TP2.csproj", "{53CDEF72-19F3-416B-BDD5-C128CEF22AC3}"
EndProject
Project("{FAE04EC0-301F-11D3-BF4B-00C04F79EFBC}") = "TP2.DataAcces", "ClassLibrary1\TP2.DataAcces.csproj", "{337955C2-72E6-4E28-89A1-A9BBA4D64CD9}"
EndProject
Project("{FAE04EC0-301F-11D3-BF4B-00C04F79EFBC}") = "TP2.Modelo", "ClassLibrary2\TP2.Modelo.csproj", "{B596BCD0-16D5-47D0-8477-0A4ADD7CB490}"
EndProject
Global
	GlobalSection(SolutionConfigurationPlatforms) = preSolution
		Debug|Any CPU = Debug|Any CPU
		Release|Any CPU = Release|Any CPU
	EndGlobalSection
	GlobalSection(ProjectConfigurationPlatforms) = postSolution
		{53CDEF72-19F3-416B-BDD5-C128CEF22AC3}.Debug|Any CPU.ActiveCfg = Debug|Any CPU
		{53CDEF72-19F3-416B-BDD5-C128CEF22AC3}.Debug|Any CPU.Build.0 = Debug|Any CPU
		{53CDEF72-19F3-416B-BDD5-C128CEF22AC3}.Release|Any CPU.ActiveCfg = Release|Any CPU
		{53CDEF72-19F3-416B-BDD5-C128CEF22AC3}.Release|Any CPU.Build.0 = Release|Any CPU
		{337955C2-72E6-4E28-89A1-A9BBA4D64CD9}.Debug|Any CPU.ActiveCfg = Debug|Any CPU
		{337955C2-72E6-4E28-89A1-A9BBA4D64CD9}.Debug|Any CPU.Build.0 = Debug|Any CPU
		{337955C2-72E6-4E28-89A1-A9BBA4D64CD9}.Release|Any CPU.ActiveCfg = Release|Any CPU
		{337955C2-72E6-4E28-89A1-A9BBA4D64CD9}.Release|Any CPU.Build.0 = Release|Any CPU
		{B596BCD0-16D5-47D0-8477-0A4ADD7CB490}.Debug|Any CPU.ActiveCfg = Debug|Any CPU
		{B596BCD0-16D5-47D0-8477-0A4ADD7CB490}.Debug|Any CPU.Build.0 = Debug|Any CPU
		{B596BCD0-16D5-47D0-8477-0A4ADD7CB490}.Release|Any CPU.ActiveCfg = Release|Any CPU
		{B596BCD0-16D5-47D0-8477-0A4ADD7CB490}.Release|Any CPU.Build.0 = Release|Any CPU
	EndGlobalSection
	GlobalSection(SolutionProperties) = preSolution
		HideSolutionNode = FALSE
	EndGlobalSection
EndGlobal
